lockfileVersion: '9.0'

settings:
  autoInstallPeers: true
  excludeLinksFromLockfile: false

importers:

  .:
    dependencies:
      '@react-types/datepicker':
        specifier: ^3.13.3
        version: 3.13.3(react@19.2.3)

packages:

  '@internationalized/date@3.10.1':
    resolution: {integrity: sha512-oJrXtQiAXLvT9clCf1K4kxp3eKsQhIaZqxEyowkBcsvZDdZkbWrVmnGknxs5flTD0VGsxrxKgBCZty1EzoiMzA==}

  '@react-types/calendar@3.8.1':
    resolution: {integrity: sha512-B0UuitMP7YkArBAQldwSZSNL2WwazNGCG+lp6yEDj831NrH9e36/jcjv1rObQ9ZMS6uDX9LXu5C8V5RFwGQabA==}
    peerDependencies:
      react: ^16.8.0 || ^17.0.0-rc.1 || ^18.0.0 || ^19.0.0-rc.1

  '@react-types/datepicker@3.13.3':
    resolution: {integrity: sha512-OTRa3banGxcUQKRTLUzr0zTVUMUL+Az1BWARCYQ+8Z/dlkYXYUW0fnS5I0pUEqihgai15KxiY13U0gAqbNSfcA==}
    peerDependencies:
      react: ^16.8.0 || ^17.0.0-rc.1 || ^18.0.0 || ^19.0.0-rc.1

  '@react-types/overlays@3.9.2':
    resolution: {integrity: sha512-Q0cRPcBGzNGmC8dBuHyoPR7N3057KTS5g+vZfQ53k8WwmilXBtemFJPLsogJbspuewQ/QJ3o2HYsp2pne7/iNw==}
    peerDependencies:
      react: ^16.8.0 || ^17.0.0-rc.1 || ^18.0.0 || ^19.0.0-rc.1

  '@react-types/shared@3.32.1':
    resolution: {integrity: sha512-famxyD5emrGGpFuUlgOP6fVW2h/ZaF405G5KDi3zPHzyjAWys/8W6NAVJtNbkCkhedmvL0xOhvt8feGXyXaw5w==}
    peerDependencies:
      react: ^16.8.0 || ^17.0.0-rc.1 || ^18.0.0 || ^19.0.0-rc.1

  '@swc/helpers@0.5.18':
    resolution: {integrity: sha512-TXTnIcNJQEKwThMMqBXsZ4VGAza6bvN4pa41Rkqoio6QBKMvo+5lexeTMScGCIxtzgQJzElcvIltani+adC5PQ==}

  react@19.2.3:
    resolution: {integrity: sha512-Ku/hhYbVjOQnXDZFv2+RibmLFGwFdeeKHFcOTlrt7xplBnya5OGn/hIRDsqDiSUcfORsDC7MPxwork8jBwsIWA==}
    engines: {node: '>=0.10.0'}

  tslib@2.8.1:
    resolution: {integrity: sha512-oJFu94HQb+KVduSUQL7wnpmqnfmLsOA/nAh6b6EH0wCEoK0/mPeXU6c3wKDV83MkOuHPRHtSXKKU99IBazS/2w==}

snapshots:

  '@internationalized/date@3.10.1':
    dependencies:
      '@swc/helpers': 0.5.18

  '@react-types/calendar@3.8.1(react@19.2.3)':
    dependencies:
      '@internationalized/date': 3.10.1
      '@react-types/shared': 3.32.1(react@19.2.3)
      react: 19.2.3

  '@react-types/datepicker@3.13.3(react@19.2.3)':
    dependencies:
      '@internationalized/date': 3.10.1
      '@react-types/calendar': 3.8.1(react@19.2.3)
      '@react-types/overlays': 3.9.2(react@19.2.3)
      '@react-types/shared': 3.32.1(react@19.2.3)
      react: 19.2.3

  '@react-types/overlays@3.9.2(react@19.2.3)':
    dependencies:
      '@react-types/shared': 3.32.1(react@19.2.3)
      react: 19.2.3

  '@react-types/shared@3.32.1(react@19.2.3)':
    dependencies:
      react: 19.2.3

  '@swc/helpers@0.5.18':
    dependencies:
      tslib: 2.8.1

  react@19.2.3: {}

  tslib@2.8.1: {}
